
Microsoft Visual Studio Solution File, Format Version 12.00
# Visual Studio Version 17
VisualStudioVersion = 17.14.36401.2 d17.14
MinimumVisualStudioVersion = 10.0.40219.1
Project("{FAE04EC0-301F-11D3-BF4B-00C04F79EFBC}") = "user-management", "user-management\user-management.csproj", "{9BD25AD4-BF40-47B1-A28B-A07F4639B088}"
EndProject
Global
	GlobalSection(SolutionConfigurationPlatforms) = preSolution
		Debug|Any CPU = Debug|Any CPU
		Release|Any CPU = Release|Any CPU
	EndGlobalSection
	GlobalSection(ProjectConfigurationPlatforms) = postSolution
		{9BD25AD4-BF40-47B1-A28B-A07F4639B088}.Debug|Any CPU.ActiveCfg = Debug|Any CPU
		{9BD25AD4-BF40-47B1-A28B-A07F4639B088}.Debug|Any CPU.Build.0 = Debug|Any CPU
		{9BD25AD4-BF40-47B1-A28B-A07F4639B088}.Release|Any CPU.ActiveCfg = Release|Any CPU
		{9BD25AD4-BF40-47B1-A28B-A07F4639B088}.Release|Any CPU.Build.0 = Release|Any CPU
	EndGlobalSection
	GlobalSection(SolutionProperties) = preSolution
		HideSolutionNode = FALSE
	EndGlobalSection
	GlobalSection(ExtensibilityGlobals) = postSolution
		SolutionGuid = {CD09085C-DEC4-43E7-A918-3B876BA09DD5}
	EndGlobalSection
EndGlobal
